
Microsoft Visual Studio Solution File, Format Version 12.00
# Visual Studio Version 16
VisualStudioVersion = 16.0.28922.388
MinimumVisualStudioVersion = 10.0.40219.1
Project("{FAE04EC0-301F-11D3-BF4B-00C04F79EFBC}") = "QLPM", "QLPM\QLPM.csproj", "{405A8515-97E0-4A05-9265-29C3387F7A62}"
EndProject
Global
	GlobalSection(SolutionConfigurationPlatforms) = preSolution
		Debug|Any CPU = Debug|Any CPU
		Release|Any CPU = Release|Any CPU
	EndGlobalSection
	GlobalSection(ProjectConfigurationPlatforms) = postSolution
		{405A8515-97E0-4A05-9265-29C3387F7A62}.Debug|Any CPU.ActiveCfg = Debug|Any CPU
		{405A8515-97E0-4A05-9265-29C3387F7A62}.Debug|Any CPU.Build.0 = Debug|Any CPU
		{405A8515-97E0-4A05-9265-29C3387F7A62}.Release|Any CPU.ActiveCfg = Release|Any CPU
		{405A8515-97E0-4A05-9265-29C3387F7A62}.Release|Any CPU.Build.0 = Release|Any CPU
	EndGlobalSection
	GlobalSection(SolutionProperties) = preSolution
		HideSolutionNode = FALSE
	EndGlobalSection
	GlobalSection(ExtensibilityGlobals) = postSolution
		SolutionGuid = {CB6106B4-21A6-4E9D-AE2A-D97AE06A0124}
	EndGlobalSection
EndGlobal
